
Microsoft Visual Studio Solution File, Format Version 12.00
# Visual Studio Version 17
VisualStudioVersion = 17.4.33122.133
MinimumVisualStudioVersion = 10.0.40219.1
Project("{FAE04EC0-301F-11D3-BF4B-00C04F79EFBC}") = "brudnopisProjektuOkienkowego", "brudnopisProjektuOkienkowego\brudnopisProjektuOkienkowego.csproj", "{0F90D96B-4353-41A6-B96E-7DDB8FD95C85}"
EndProject
Global
	GlobalSection(SolutionConfigurationPlatforms) = preSolution
		Debug|Any CPU = Debug|Any CPU
		Release|Any CPU = Release|Any CPU
	EndGlobalSection
	GlobalSection(ProjectConfigurationPlatforms) = postSolution
		{0F90D96B-4353-41A6-B96E-7DDB8FD95C85}.Debug|Any CPU.ActiveCfg = Debug|Any CPU
		{0F90D96B-4353-41A6-B96E-7DDB8FD95C85}.Debug|Any CPU.Build.0 = Debug|Any CPU
		{0F90D96B-4353-41A6-B96E-7DDB8FD95C85}.Release|Any CPU.ActiveCfg = Release|Any CPU
		{0F90D96B-4353-41A6-B96E-7DDB8FD95C85}.Release|Any CPU.Build.0 = Release|Any CPU
	EndGlobalSection
	GlobalSection(SolutionProperties) = preSolution
		HideSolutionNode = FALSE
	EndGlobalSection
	GlobalSection(ExtensibilityGlobals) = postSolution
		SolutionGuid = {09AC9703-147D-4D10-BF7C-02815BB93E35}
	EndGlobalSection
EndGlobal
